
Microsoft Visual Studio Solution File, Format Version 12.00
# Visual Studio Version 17
VisualStudioVersion = 17.12.35323.107
MinimumVisualStudioVersion = 10.0.40219.1
Project("{FAE04EC0-301F-11D3-BF4B-00C04F79EFBC}") = "tpClients", "tpClients\tpClients.csproj", "{76FDEE8B-594F-4840-9F8C-F4921AA0F94F}"
EndProject
Global
	GlobalSection(SolutionConfigurationPlatforms) = preSolution
		Debug|Any CPU = Debug|Any CPU
		Release|Any CPU = Release|Any CPU
	EndGlobalSection
	GlobalSection(ProjectConfigurationPlatforms) = postSolution
		{76FDEE8B-594F-4840-9F8C-F4921AA0F94F}.Debug|Any CPU.ActiveCfg = Debug|Any CPU
		{76FDEE8B-594F-4840-9F8C-F4921AA0F94F}.Debug|Any CPU.Build.0 = Debug|Any CPU
		{76FDEE8B-594F-4840-9F8C-F4921AA0F94F}.Release|Any CPU.ActiveCfg = Release|Any CPU
		{76FDEE8B-594F-4840-9F8C-F4921AA0F94F}.Release|Any CPU.Build.0 = Release|Any CPU
	EndGlobalSection
	GlobalSection(SolutionProperties) = preSolution
		HideSolutionNode = FALSE
	EndGlobalSection
	GlobalSection(ExtensibilityGlobals) = postSolution
		SolutionGuid = {504201F3-EC3C-42AC-970A-00AF33B642AC}
	EndGlobalSection
EndGlobal
